
Microsoft Visual Studio Solution File, Format Version 12.00
# Visual Studio 15
VisualStudioVersion = 15.0.27130.2027
MinimumVisualStudioVersion = 10.0.40219.1
Project("{FAE04EC0-301F-11D3-BF4B-00C04F79EFBC}") = "Project.Core", "Project.Core\Project.Core.csproj", "{82B9499A-22C6-404A-887F-BE67B56032B3}"
EndProject
Project("{FAE04EC0-301F-11D3-BF4B-00C04F79EFBC}") = "Project.iOS", "Project.iOS\Project.iOS.csproj", "{23E80DBF-2B24-4082-82DF-24460D4AE418}"
EndProject
Global
	GlobalSection(SolutionConfigurationPlatforms) = preSolution
		Debug|Any CPU = Debug|Any CPU
		Debug|iPhone = Debug|iPhone
		Debug|iPhoneSimulator = Debug|iPhoneSimulator
		Release|Any CPU = Release|Any CPU
		Release|iPhone = Release|iPhone
		Release|iPhoneSimulator = Release|iPhoneSimulator
	EndGlobalSection
	GlobalSection(ProjectConfigurationPlatforms) = postSolution
		{82B9499A-22C6-404A-887F-BE67B56032B3}.Debug|Any CPU.ActiveCfg = Debug|Any CPU
		{82B9499A-22C6-404A-887F-BE67B56032B3}.Debug|Any CPU.Build.0 = Debug|Any CPU
		{82B9499A-22C6-404A-887F-BE67B56032B3}.Debug|iPhone.ActiveCfg = Debug|Any CPU
		{82B9499A-22C6-404A-887F-BE67B56032B3}.Debug|iPhone.Build.0 = Debug|Any CPU
		{82B9499A-22C6-404A-887F-BE67B56032B3}.Debug|iPhoneSimulator.ActiveCfg = Debug|Any CPU
		{82B9499A-22C6-404A-887F-BE67B56032B3}.Debug|iPhoneSimulator.Build.0 = Debug|Any CPU
		{82B9499A-22C6-404A-887F-BE67B56032B3}.Release|Any CPU.ActiveCfg = Release|Any CPU
		{82B9499A-22C6-404A-887F-BE67B56032B3}.Release|Any CPU.Build.0 = Release|Any CPU
		{82B9499A-22C6-404A-887F-BE67B56032B3}.Release|iPhone.ActiveCfg = Release|Any CPU
		{82B9499A-22C6-404A-887F-BE67B56032B3}.Release|iPhone.Build.0 = Release|Any CPU
		{82B9499A-22C6-404A-887F-BE67B56032B3}.Release|iPhoneSimulator.ActiveCfg = Release|Any CPU
		{82B9499A-22C6-404A-887F-BE67B56032B3}.Release|iPhoneSimulator.Build.0 = Release|Any CPU
		{23E80DBF-2B24-4082-82DF-24460D4AE418}.Debug|Any CPU.ActiveCfg = Debug|iPhone
		{23E80DBF-2B24-4082-82DF-24460D4AE418}.Debug|iPhone.ActiveCfg = Debug|iPhone
		{23E80DBF-2B24-4082-82DF-24460D4AE418}.Debug|iPhone.Build.0 = Debug|iPhone
		{23E80DBF-2B24-4082-82DF-24460D4AE418}.Debug|iPhoneSimulator.ActiveCfg = Debug|iPhoneSimulator
		{23E80DBF-2B24-4082-82DF-24460D4AE418}.Debug|iPhoneSimulator.Build.0 = Debug|iPhoneSimulator
		{23E80DBF-2B24-4082-82DF-24460D4AE418}.Release|Any CPU.ActiveCfg = Release|iPhone
		{23E80DBF-2B24-4082-82DF-24460D4AE418}.Release|iPhone.ActiveCfg = Release|iPhone
		{23E80DBF-2B24-4082-82DF-24460D4AE418}.Release|iPhone.Build.0 = Release|iPhone
		{23E80DBF-2B24-4082-82DF-24460D4AE418}.Release|iPhoneSimulator.ActiveCfg = Release|iPhoneSimulator
		{23E80DBF-2B24-4082-82DF-24460D4AE418}.Release|iPhoneSimulator.Build.0 = Release|iPhoneSimulator
	EndGlobalSection
	GlobalSection(SolutionProperties) = preSolution
		HideSolutionNode = FALSE
	EndGlobalSection
	GlobalSection(ExtensibilityGlobals) = postSolution
		SolutionGuid = {657FE72F-D86D-4F93-ADC5-6BB24D0F0C4A}
	EndGlobalSection
EndGlobal
